{
    "_readme": [
        "This file locks the dependencies of your project to a known state",
        "Read more about it at http://getcomposer.org/doc/01-basic-usage.md#composer-lock-the-lock-file"
    ],
    "hash": "241e3ecf7c2ff914dca1985656f6ff3d",
    "packages": [
        {
            "name": "minond/cache",
            "version": "dev-master",
            "source": {
                "type": "git",
                "url": "https://github.com/minond/Cache.git",
                "reference": "185c8f2e6e771b2cd209ff37aebe622d72119417"
            },
            "dist": {
                "type": "zip",
                "url": "https://api.github.com/repos/minond/Cache/zipball/185c8f2e6e771b2cd209ff37aebe622d72119417",
                "reference": "185c8f2e6e771b2cd209ff37aebe622d72119417",
                "shasum": ""
            },
            "require": {
                "php": ">=5.3.0"
            },
            "type": "library",
            "autoload": {
                "psr-0": {
                    "Efficio": "src/"
                }
            },
            "notification-url": "https://packagist.org/downloads/",
            "authors": [
                {
                    "name": "Marcos Minond",
                    "email": "minond.marcos@gmail.com"
                }
            ],
            "description": "Cache",
            "time": "2013-06-18 03:52:03"
        },
        {
            "name": "minond/http",
            "version": "dev-master",
            "source": {
                "type": "git",
                "url": "https://github.com/minond/Http.git",
                "reference": "846bceead2bccb6b0a085bf93df4f0e9aea3867d"
            },
            "dist": {
                "type": "zip",
                "url": "https://api.github.com/repos/minond/Http/zipball/846bceead2bccb6b0a085bf93df4f0e9aea3867d",
                "reference": "846bceead2bccb6b0a085bf93df4f0e9aea3867d",
                "shasum": ""
            },
            "require": {
                "php": ">=5.3.0"
            },
            "type": "library",
            "autoload": {
                "psr-0": {
                    "Efficio": "src/"
                }
            },
            "notification-url": "https://packagist.org/downloads/",
            "authors": [
                {
                    "name": "Marcos Minond",
                    "email": "minond.marcos@gmail.com"
                }
            ],
            "description": "Http helpers",
            "time": "2013-06-23 02:59:20"
        },
        {
            "name": "symfony/yaml",
            "version": "2.1.x-dev",
            "target-dir": "Symfony/Component/Yaml",
            "source": {
                "type": "git",
                "url": "https://github.com/symfony/Yaml.git",
                "reference": "v2.1.11"
            },
            "dist": {
                "type": "zip",
                "url": "https://api.github.com/repos/symfony/Yaml/zipball/v2.1.11",
                "reference": "v2.1.11",
                "shasum": ""
            },
            "require": {
                "php": ">=5.3.3"
            },
            "type": "library",
            "autoload": {
                "psr-0": {
                    "Symfony\\Component\\Yaml": ""
                }
            },
            "notification-url": "https://packagist.org/downloads/",
            "license": [
                "MIT"
            ],
            "authors": [
                {
                    "name": "Fabien Potencier",
                    "email": "fabien@symfony.com"
                },
                {
                    "name": "Symfony Community",
                    "homepage": "http://symfony.com/contributors"
                }
            ],
            "description": "Symfony Yaml Component",
            "homepage": "http://symfony.com",
            "time": "2013-05-10 00:09:46"
        }
    ],
    "packages-dev": [
        {
            "name": "minond/profiler",
            "version": "dev-master",
            "source": {
                "type": "git",
                "url": "https://github.com/minond/Profiler.git",
                "reference": "478778ca26c940c8499ea4131052a55d43ca9737"
            },
            "dist": {
                "type": "zip",
                "url": "https://api.github.com/repos/minond/Profiler/zipball/478778ca26c940c8499ea4131052a55d43ca9737",
                "reference": "478778ca26c940c8499ea4131052a55d43ca9737",
                "shasum": ""
            },
            "require": {
                "php": ">=5.3.0"
            },
            "type": "library",
            "autoload": {
                "psr-0": {
                    "util": "src/"
                }
            },
            "notification-url": "https://packagist.org/downloads/",
            "authors": [
                {
                    "name": "Marcos Minond",
                    "email": "minond.marcos@gmail.com"
                }
            ],
            "description": "PHP profiler",
            "time": "2013-06-02 21:29:15"
        }
    ],
    "aliases": [

    ],
    "minimum-stability": "stable",
    "stability-flags": {
        "symfony/yaml": 20,
        "minond/cache": 20,
        "minond/http": 20,
        "minond/profiler": 20
    },
    "platform": {
        "php": ">=5.4"
    },
    "platform-dev": [

    ]
}
